
Microsoft Visual Studio Solution File, Format Version 12.00
# Visual Studio 15
VisualStudioVersion = 15.0.26730.12
MinimumVisualStudioVersion = 10.0.40219.1
Project("{FAE04EC0-301F-11D3-BF4B-00C04F79EFBC}") = "LdapAuthAD", "LdapAuthAD\LdapAuthAD.csproj", "{452B0009-5DD1-4E0D-A9F4-539F43B3EE11}"
EndProject
Global
	GlobalSection(SolutionConfigurationPlatforms) = preSolution
		Debug|Any CPU = Debug|Any CPU
		Release|Any CPU = Release|Any CPU
	EndGlobalSection
	GlobalSection(ProjectConfigurationPlatforms) = postSolution
		{452B0009-5DD1-4E0D-A9F4-539F43B3EE11}.Debug|Any CPU.ActiveCfg = Debug|Any CPU
		{452B0009-5DD1-4E0D-A9F4-539F43B3EE11}.Debug|Any CPU.Build.0 = Debug|Any CPU
		{452B0009-5DD1-4E0D-A9F4-539F43B3EE11}.Release|Any CPU.ActiveCfg = Release|Any CPU
		{452B0009-5DD1-4E0D-A9F4-539F43B3EE11}.Release|Any CPU.Build.0 = Release|Any CPU
	EndGlobalSection
	GlobalSection(SolutionProperties) = preSolution
		HideSolutionNode = FALSE
	EndGlobalSection
	GlobalSection(ExtensibilityGlobals) = postSolution
		SolutionGuid = {04735811-58C2-426C-87FA-CCA46A91C88F}
	EndGlobalSection
EndGlobal
